
Microsoft Visual Studio Solution File, Format Version 12.00
Project("{2150E333-8FDC-42A3-9474-1A3956D46DE8}") = "src", "src", "{58BD2172-4870-4CD5-9570-2456EA08BFE3}"
EndProject
Project("{FAE04EC0-301F-11D3-BF4B-00C04F79EFBC}") = "RestPanda.Core", "src\RestPanda.Core\RestPanda.Core.csproj", "{2675C66A-750C-459B-B2E3-8C6D0214F3BE}"
EndProject
Project("{FAE04EC0-301F-11D3-BF4B-00C04F79EFBC}") = "RestPanda.Example", "RestPanda.Example\RestPanda.Example.csproj", "{67B77DCA-AAE5-46A3-8886-835BA1EF2801}"
EndProject
Global
	GlobalSection(SolutionConfigurationPlatforms) = preSolution
		Debug|Any CPU = Debug|Any CPU
		Release|Any CPU = Release|Any CPU
	EndGlobalSection
	GlobalSection(ProjectConfigurationPlatforms) = postSolution
		{2675C66A-750C-459B-B2E3-8C6D0214F3BE}.Debug|Any CPU.ActiveCfg = Debug|Any CPU
		{2675C66A-750C-459B-B2E3-8C6D0214F3BE}.Debug|Any CPU.Build.0 = Debug|Any CPU
		{2675C66A-750C-459B-B2E3-8C6D0214F3BE}.Release|Any CPU.ActiveCfg = Release|Any CPU
		{2675C66A-750C-459B-B2E3-8C6D0214F3BE}.Release|Any CPU.Build.0 = Release|Any CPU
		{67B77DCA-AAE5-46A3-8886-835BA1EF2801}.Debug|Any CPU.ActiveCfg = Debug|Any CPU
		{67B77DCA-AAE5-46A3-8886-835BA1EF2801}.Debug|Any CPU.Build.0 = Debug|Any CPU
		{67B77DCA-AAE5-46A3-8886-835BA1EF2801}.Release|Any CPU.ActiveCfg = Release|Any CPU
		{67B77DCA-AAE5-46A3-8886-835BA1EF2801}.Release|Any CPU.Build.0 = Release|Any CPU
	EndGlobalSection
	GlobalSection(NestedProjects) = preSolution
		{2675C66A-750C-459B-B2E3-8C6D0214F3BE} = {58BD2172-4870-4CD5-9570-2456EA08BFE3}
	EndGlobalSection
EndGlobal
